{
  "requires": true,
  "lockfileVersion": 1,
  "dependencies": {
    "hyphen": {
      "version": "1.1.1",
      "resolved": "https://registry.npmjs.org/hyphen/-/hyphen-1.1.1.tgz",
      "integrity": "sha512-S6KSoGZWPutjTB7koZ9Ci9xzETBa7GVlNe42r0hF+rhoE/6lLHwEvi2FQSEhyWIjVo46tV94vn96hcsuum1THg=="
    }
  }
}
